
Microsoft Visual Studio Solution File, Format Version 12.00
# Visual Studio Version 17
VisualStudioVersion = 17.13.35825.156 d17.13
MinimumVisualStudioVersion = 10.0.40219.1
Project("{FAE04EC0-301F-11D3-BF4B-00C04F79EFBC}") = "ProjetoBiblioteca", "ProjetoBiblioteca.csproj", "{49FBB0FA-7105-4D64-14C1-09E19A103376}"
EndProject
Global
	GlobalSection(SolutionConfigurationPlatforms) = preSolution
		Debug|Any CPU = Debug|Any CPU
		Release|Any CPU = Release|Any CPU
	EndGlobalSection
	GlobalSection(ProjectConfigurationPlatforms) = postSolution
		{49FBB0FA-7105-4D64-14C1-09E19A103376}.Debug|Any CPU.ActiveCfg = Debug|Any CPU
		{49FBB0FA-7105-4D64-14C1-09E19A103376}.Debug|Any CPU.Build.0 = Debug|Any CPU
		{49FBB0FA-7105-4D64-14C1-09E19A103376}.Release|Any CPU.ActiveCfg = Release|Any CPU
		{49FBB0FA-7105-4D64-14C1-09E19A103376}.Release|Any CPU.Build.0 = Release|Any CPU
	EndGlobalSection
	GlobalSection(SolutionProperties) = preSolution
		HideSolutionNode = FALSE
	EndGlobalSection
	GlobalSection(ExtensibilityGlobals) = postSolution
		SolutionGuid = {270C36FA-16E7-48EA-B4FB-1078438FFA8A}
	EndGlobalSection
EndGlobal
